
Microsoft Visual Studio Solution File, Format Version 12.00
# Visual Studio Version 16
VisualStudioVersion = 16.0.34407.143
MinimumVisualStudioVersion = 10.0.40219.1
Project("{FAE04EC0-301F-11D3-BF4B-00C04F79EFBC}") = "InventoryManagement", "InventoryManagement\InventoryManagement.csproj", "{AE5088FB-36DC-48A7-960B-B983DEDBFB6A}"
EndProject
Global
	GlobalSection(SolutionConfigurationPlatforms) = preSolution
		Debug|Any CPU = Debug|Any CPU
		Release|Any CPU = Release|Any CPU
	EndGlobalSection
	GlobalSection(ProjectConfigurationPlatforms) = postSolution
		{AE5088FB-36DC-48A7-960B-B983DEDBFB6A}.Debug|Any CPU.ActiveCfg = Debug|Any CPU
		{AE5088FB-36DC-48A7-960B-B983DEDBFB6A}.Debug|Any CPU.Build.0 = Debug|Any CPU
		{AE5088FB-36DC-48A7-960B-B983DEDBFB6A}.Release|Any CPU.ActiveCfg = Release|Any CPU
		{AE5088FB-36DC-48A7-960B-B983DEDBFB6A}.Release|Any CPU.Build.0 = Release|Any CPU
	EndGlobalSection
	GlobalSection(SolutionProperties) = preSolution
		HideSolutionNode = FALSE
	EndGlobalSection
	GlobalSection(ExtensibilityGlobals) = postSolution
		SolutionGuid = {A231F140-2E73-4BFC-AA02-850D328F75F9}
	EndGlobalSection
EndGlobal
